
Microsoft Visual Studio Solution File, Format Version 12.00
# Visual Studio Version 17
VisualStudioVersion = 17.4.33213.308
MinimumVisualStudioVersion = 10.0.40219.1
Project("{2150E333-8FDC-42A3-9474-1A3956D46DE8}") = "src", "src", "{987C4986-66FA-4984-90E6-76B9CD4C73E4}"
EndProject
Project("{2150E333-8FDC-42A3-9474-1A3956D46DE8}") = "Infrastructure", "Infrastructure", "{F6265F54-C50B-4D42-A77F-218326BF6241}"
EndProject
Project("{2150E333-8FDC-42A3-9474-1A3956D46DE8}") = "Core", "Core", "{6630F746-024C-4CB6-96E6-0B28BB2F16CF}"
EndProject
Project("{2150E333-8FDC-42A3-9474-1A3956D46DE8}") = "Presentation", "Presentation", "{57CCA8FF-D37C-4F0E-91CB-C0B155DB5861}"
EndProject
Project("{2150E333-8FDC-42A3-9474-1A3956D46DE8}") = "Solution Items", "Solution Items", "{C4361258-EF21-4643-9BBC-4B2F756144D0}"
	ProjectSection(SolutionItems) = preProject
		.editorconfig = .editorconfig
		..\README.md = ..\README.md
	EndProjectSection
EndProject
Project("{9A19103F-16F7-4668-BE54-9A1E7A4F7556}") = "ViazyNetCore.Manage.WebApi", "Presentation\ViazyNetCore.Manage.WebApi\ViazyNetCore.Manage.WebApi.csproj", "{6A4DAEA8-665C-41D6-8915-6129FE8F1A14}"
EndProject
Project("{9A19103F-16F7-4668-BE54-9A1E7A4F7556}") = "ViazyNetCore.Swagger", "Infrastructure\ViazyNetCore.Swagger\ViazyNetCore.Swagger.csproj", "{B7F842C6-33BD-46D9-9247-FFE40F01002E}"
EndProject
Project("{9A19103F-16F7-4668-BE54-9A1E7A4F7556}") = "ViazyNetCore.EventBus", "Infrastructure\ViazyNetCore.EventBus\ViazyNetCore.EventBus.csproj", "{33B931E0-B011-45F9-952B-47443BB358FE}"
EndProject
Project("{9A19103F-16F7-4668-BE54-9A1E7A4F7556}") = "ViazyNetCore.NLog", "Infrastructure\ViazyNetCore.NLog\ViazyNetCore.NLog.csproj", "{ECE81E9D-8343-4EDC-BA3A-034A9D7F8C01}"
EndProject
Project("{9A19103F-16F7-4668-BE54-9A1E7A4F7556}") = "ViazyNetCore.Http", "Infrastructure\ViazyNetCore.Http\ViazyNetCore.Http.csproj", "{0F82EC7A-EF6C-4F39-8411-54BBB1849F38}"
EndProject
Project("{9A19103F-16F7-4668-BE54-9A1E7A4F7556}") = "ViazyNetCore.Redis", "Infrastructure\ViazyNetCore.Redis\ViazyNetCore.Redis.csproj", "{DBE654F4-2C88-4CD0-A817-63D6A5ACB758}"
EndProject
Project("{9A19103F-16F7-4668-BE54-9A1E7A4F7556}") = "ViazyNetCore.Auth", "Core\ViazyNetCore.Auth\ViazyNetCore.Auth.csproj", "{E73F361E-D937-47A1-8805-3049489821D8}"
EndProject
Project("{9A19103F-16F7-4668-BE54-9A1E7A4F7556}") = "ViazyNetCore.Filter", "Core\ViazyNetCore.Filter\ViazyNetCore.Filter.csproj", "{CF7E788E-BEBB-4A7E-95E6-BA5BE940730A}"
EndProject
Project("{9A19103F-16F7-4668-BE54-9A1E7A4F7556}") = "ViazyNetCore.Caching", "Core\ViazyNetCore.Caching\ViazyNetCore.Caching.csproj", "{3D136A0D-627D-4340-A80D-78DB10F45669}"
EndProject
Project("{9A19103F-16F7-4668-BE54-9A1E7A4F7556}") = "ViazyNetCore.Model", "src\ViazyNetCore.Model\ViazyNetCore.Model.csproj", "{822D24D8-BFF1-4C61-9249-EC7BACB182E2}"
EndProject
Project("{9A19103F-16F7-4668-BE54-9A1E7A4F7556}") = "ViazyNetCore.ShopMall.Modules", "src\ViazyNetCore.ShopMall.Modules\ViazyNetCore.ShopMall.Modules.csproj", "{28E78A94-49AF-4207-8910-3711874F745D}"
EndProject
Project("{9A19103F-16F7-4668-BE54-9A1E7A4F7556}") = "ViazyNetCore.Formatter.Excel", "Infrastructure\ViazyNetCore.Formatter.Excel\ViazyNetCore.Formatter.Excel.csproj", "{EBA7E6DA-4888-43B6-9B2A-F8074708344C}"
EndProject
Project("{9A19103F-16F7-4668-BE54-9A1E7A4F7556}") = "ViazyNetCore.Web.DevServer", "Infrastructure\ViazyNetCore.Web.DevServer\ViazyNetCore.Web.DevServer.csproj", "{E1BB9EDD-16D2-4D8F-A424-1A5D8B0FF3B5}"
EndProject
Project("{9A19103F-16F7-4668-BE54-9A1E7A4F7556}") = "ViazyNetCore.Formatter.Response", "Infrastructure\ViazyNetCore.Formatter.Response\ViazyNetCore.Formatter.Response.csproj", "{F7182F0F-9E26-4DE4-A41A-871F805499F9}"
EndProject
Project("{9A19103F-16F7-4668-BE54-9A1E7A4F7556}") = "ViazyNetCore.Annotations", "Infrastructure\ViazyNetCore.Annotations\ViazyNetCore.Annotations.csproj", "{5BBB1F39-D8D2-4E5C-ADFC-BC2EDF63AE35}"
EndProject
Project("{9A19103F-16F7-4668-BE54-9A1E7A4F7556}") = "ViazyNetCore.Core", "Core\ViazyNetCore.Core\ViazyNetCore.Core.csproj", "{C91C3E73-474A-41F3-9224-D66066CE9915}"
EndProject
Project("{9A19103F-16F7-4668-BE54-9A1E7A4F7556}") = "ViazyNetCore.Data.FreeSql", "Core\ViazyNetCore.Data\ViazyNetCore.Data.FreeSql.csproj", "{56A26CC8-A967-47BE-9DAB-E31762A3812E}"
EndProject
Project("{9A19103F-16F7-4668-BE54-9A1E7A4F7556}") = "ViazyNetCore.Business.Core", "src\ViazyNetCore.Business.Core\ViazyNetCore.Business.Core.csproj", "{8930CFC6-C865-4F6B-8EAF-44A62DE1BD5F}"
EndProject
Project("{9A19103F-16F7-4668-BE54-9A1E7A4F7556}") = "ViazyNetCore.DI", "Infrastructure\ViazyNetCore.DI\ViazyNetCore.DI.csproj", "{418AC4CD-55AA-4637-B260-C6A3DFB4E96E}"
EndProject
Project("{9A19103F-16F7-4668-BE54-9A1E7A4F7556}") = "ViazyNetCore.Domain", "src\ViazyNetCore.Domain\ViazyNetCore.Domain.csproj", "{954A9763-C2A3-4B96-94FA-B1590033632D}"
EndProject
Project("{9A19103F-16F7-4668-BE54-9A1E7A4F7556}") = "ViazyNetCore.TaskScheduler", "Infrastructure\ViazyNetCore.TaskScheduler\ViazyNetCore.TaskScheduler.csproj", "{6BE8BDBD-A14C-4649-859D-EB3655C131C4}"
EndProject
Project("{9A19103F-16F7-4668-BE54-9A1E7A4F7556}") = "ViazyNetCore.RabbitMQ", "Infrastructure\ViazyNetCore.RabbitMQ\ViazyNetCore.RabbitMQ.csproj", "{9BEC3DC1-1CC4-4F54-84DC-A682200179E3}"
EndProject
Project("{2150E333-8FDC-42A3-9474-1A3956D46DE8}") = "tests", "tests", "{3699B480-8954-45C1-AD64-53542BDD6AEC}"
EndProject
Project("{9A19103F-16F7-4668-BE54-9A1E7A4F7556}") = "ViazyNetCore.xUnitTest.RabbitMq", "tests\ViazyNetCore.xUnitTest.RabbitMq\ViazyNetCore.xUnitTest.RabbitMq.csproj", "{9ACE857D-E2B9-46ED-8A9A-420B6DF18CC8}"
EndProject
Project("{9A19103F-16F7-4668-BE54-9A1E7A4F7556}") = "ViazyNetCore.CommondTest", "tests\ViazyNetCore.CommondTest\ViazyNetCore.CommondTest.csproj", "{D1B61A76-6A82-4903-A3CC-BD73476C1DC7}"
EndProject
Project("{9A19103F-16F7-4668-BE54-9A1E7A4F7556}") = "ViazyNetCore.MongoDB", "Infrastructure\ViazyNetCore.MongoDB\ViazyNetCore.MongoDB.csproj", "{8F3E2FA3-92CE-4295-8512-C7B3A1B4623C}"
EndProject
Project("{9A19103F-16F7-4668-BE54-9A1E7A4F7556}") = "ViazyNetCore.Authorization", "Core\ViazyNetCore.Authorization\ViazyNetCore.Authorization.csproj", "{3C75A4C7-E2CF-4AB6-B787-5C21009CE123}"
EndProject
Project("{2150E333-8FDC-42A3-9474-1A3956D46DE8}") = "sdks", "sdks", "{699676F3-5567-47C3-8BB8-3448DBB75089}"
EndProject
Project("{2150E333-8FDC-42A3-9474-1A3956D46DE8}") = "payment", "payment", "{CE2CCA46-921A-4321-B277-430F0A52F499}"
EndProject
Project("{9A19103F-16F7-4668-BE54-9A1E7A4F7556}") = "Essensoft.AspNetCore.Payment.Alipay", "sdks\payment\Essensoft.AspNetCore.Payment.Alipay\Essensoft.AspNetCore.Payment.Alipay.csproj", "{A0163EB8-93BF-4C3B-8901-A48E5D2B6227}"
EndProject
Project("{9A19103F-16F7-4668-BE54-9A1E7A4F7556}") = "Essensoft.AspNetCore.Payment.Security", "sdks\payment\Essensoft.AspNetCore.Payment.Security\Essensoft.AspNetCore.Payment.Security.csproj", "{A513C7F7-1042-4344-BAEF-4B0ECB2CF2D1}"
EndProject
Project("{9A19103F-16F7-4668-BE54-9A1E7A4F7556}") = "ViazyNetCore.ShopMall.AppApi", "Presentation\ViazyNetCore.ShopMall.AppApi\ViazyNetCore.ShopMall.AppApi.csproj", "{DB61695C-51A4-4EB1-AB9A-6BF9C405BE15}"
EndProject
Project("{9A19103F-16F7-4668-BE54-9A1E7A4F7556}") = "ViazyNetCore.AttachmentProvider", "Core\ViazyNetCore.AttachmentProvider\ViazyNetCore.AttachmentProvider.csproj", "{F1C6E24E-9A07-482A-932A-D01DA2D994B3}"
EndProject
Project("{9A19103F-16F7-4668-BE54-9A1E7A4F7556}") = "Essensoft.Paylink.WeChatPay", "sdks\payment\Essensoft.Paylink.WeChatPay\Essensoft.Paylink.WeChatPay.csproj", "{31B69BF7-913C-495D-B642-4C2BD7C39E3A}"
EndProject
Project("{9A19103F-16F7-4668-BE54-9A1E7A4F7556}") = "ViazyNetCore.TaskScheduler.RabbitMQ", "Infrastructure\ViazyNetCore.TaskScheduler.RabbitMQ\ViazyNetCore.TaskScheduler.RabbitMQ.csproj", "{3B888AA5-F8D1-48F4-A66C-0A67FDF79F93}"
EndProject
Project("{9A19103F-16F7-4668-BE54-9A1E7A4F7556}") = "ViazyNetCore.Crm.Modules", "src\ViazyNetCore.Crm.Modules\ViazyNetCore.Crm.Modules.csproj", "{182892A4-0AFB-4AED-A7A5-FC1E837C4145}"
EndProject
Project("{9A19103F-16F7-4668-BE54-9A1E7A4F7556}") = "ViazyNetCore.OpenIddict", "Core\ViazyNetCore.OpenIddict\ViazyNetCore.OpenIddict.csproj", "{6E0D3B67-1027-4182-BFB3-8725F5EBF8BF}"
EndProject
Project("{9A19103F-16F7-4668-BE54-9A1E7A4F7556}") = "ViazyNetCore.Oauth.Server", "Presentation\ViazyNetCore.Oauth.Server\ViazyNetCore.Oauth.Server.csproj", "{0FEA6960-CBE4-4B62-A86E-70782B029527}"
EndProject
Project("{9A19103F-16F7-4668-BE54-9A1E7A4F7556}") = "ViazyNetCore.Identity", "Core\ViazyNetCore.Identity\ViazyNetCore.Identity.csproj", "{16181C34-14CB-4CE0-B425-14CFB92863ED}"
EndProject
Project("{9A19103F-16F7-4668-BE54-9A1E7A4F7556}") = "ViazyNetCore.AutoMapper", "Infrastructure\ViazyNetCore.AutoMapper\ViazyNetCore.AutoMapper.csproj", "{F9D4A84C-DF78-408C-95BA-693962FD7849}"
EndProject
Project("{9A19103F-16F7-4668-BE54-9A1E7A4F7556}") = "ViazyNetCore.AspNetCore", "Infrastructure\ViazyNetCore.AspNetCore\ViazyNetCore.AspNetCore.csproj", "{D49D17F2-B7CD-420E-B877-B529B34F4D4B}"
EndProject
Project("{9A19103F-16F7-4668-BE54-9A1E7A4F7556}") = "ViazyNetCore.MultiTenancy", "Infrastructure\ViazyNetCore.MultiTenancy\ViazyNetCore.MultiTenancy.csproj", "{F80894B1-58B0-4CBD-833F-4BCFA4EDE2E7}"
EndProject
Project("{9A19103F-16F7-4668-BE54-9A1E7A4F7556}") = "ViazyNetCore.MultiTenancy.AspNetCore", "Infrastructure\ViazyNetCore.MultiTenancy.AspNetCore\ViazyNetCore.MultiTenancy.AspNetCore.csproj", "{1E289A19-F266-4C30-B111-874DE7D117B0}"
EndProject
Project("{9A19103F-16F7-4668-BE54-9A1E7A4F7556}") = "ViazyNetCore.Manage.WebApiTest", "tests\ViazyNetCore.Manage.WebApiTest\ViazyNetCore.Manage.WebApiTest.csproj", "{34E36CAF-3086-4F7E-B7C6-4456CB5D9FC1}"
EndProject
Project("{2150E333-8FDC-42A3-9474-1A3956D46DE8}") = "ShopMall", "ShopMall", "{06CAB1A8-07F5-4FCA-B04A-D963B83072E4}"
EndProject
Project("{9A19103F-16F7-4668-BE54-9A1E7A4F7556}") = "ViazyNetCore.ShopMall.Manage.Application", "src\ShopMall\ViazyNetCore.ShopMall.Manage.Application\ViazyNetCore.ShopMall.Manage.Application.csproj", "{802618D9-73A3-438B-9591-429C453472F3}"
EndProject
Project("{2150E333-8FDC-42A3-9474-1A3956D46DE8}") = "Crm", "Crm", "{A4889656-1612-4C60-A463-AFBC613C0AF8}"
EndProject
Project("{9A19103F-16F7-4668-BE54-9A1E7A4F7556}") = "ViazyNetCore.Crm.Manage.Application", "src\Crm\ViazyNetCore.Crm.Manage.Application\ViazyNetCore.Crm.Manage.Application.csproj", "{AFDACCC3-782E-4EE3-B978-3FAB113026F3}"
EndProject
Project("{9A19103F-16F7-4668-BE54-9A1E7A4F7556}") = "ViazyNetCore.Oauth.ConsoleClient", "Presentation\ViazyNetCore.Oauth.ConsoleClient\ViazyNetCore.Oauth.ConsoleClient.csproj", "{599D24F6-A2A1-4AC5-88C1-FF859459B66C}"
EndProject
Project("{9A19103F-16F7-4668-BE54-9A1E7A4F7556}") = "ViazyNetCore.EventBus.RabbitMQ", "Infrastructure\ViazyNetCore.EventBus.RabbitMQ\ViazyNetCore.EventBus.RabbitMQ.csproj", "{EAAA9F56-EC4B-49E8-85D9-6C8926E4D1A8}"
EndProject
Project("{9A19103F-16F7-4668-BE54-9A1E7A4F7556}") = "ViazyNetCore.ShopMall.Manage.ApplicationTest", "tests\ViazyNetCore.ShopMall.Manage.ApplicationTest\ViazyNetCore.ShopMall.Manage.ApplicationTest.csproj", "{33D0A636-E412-46E6-BFD1-7105921B569C}"
EndProject
Project("{9A19103F-16F7-4668-BE54-9A1E7A4F7556}") = "ViazyNetCore.Zookeeper", "Infrastructure\ViazyNetCore.Zookeeper\ViazyNetCore.Zookeeper.csproj", "{0FE7960F-D10C-47F5-A397-E9221815B48B}"
EndProject
Project("{9A19103F-16F7-4668-BE54-9A1E7A4F7556}") = "VizayNetCore.RemoteService", "Infrastructure\VizayNetCore.RemoteService\VizayNetCore.RemoteService.csproj", "{8F21E3F9-409B-4860-8F29-8CA1112F90E6}"
EndProject
Project("{FAE04EC0-301F-11D3-BF4B-00C04F79EFBC}") = "ViazyNetCore.Crm.Model", "src\Crm\ViazyNetCore.Crm.Model\ViazyNetCore.Crm.Model.csproj", "{62FF3755-1EEF-4BA9-9249-D4EA3016A38B}"
EndProject
Project("{FAE04EC0-301F-11D3-BF4B-00C04F79EFBC}") = "ViazyNetCore.Consul", "Infrastructure\ViazyNetCore.Consul\ViazyNetCore.Consul.csproj", "{CD4BD4C3-506B-416D-8464-605B90DAC201}"
EndProject
Project("{FAE04EC0-301F-11D3-BF4B-00C04F79EFBC}") = "ViazyNetCore.Gateway", "Infrastructure\ViazyNetCore.Gateway\ViazyNetCore.Gateway.csproj", "{A57290BD-170E-46AB-AE16-00FD258EF216}"
EndProject
Project("{2150E333-8FDC-42A3-9474-1A3956D46DE8}") = "Gateway", "Gateway", "{1707BB04-9E6A-4B4C-8489-B42606D02168}"
EndProject
Global
	GlobalSection(SolutionConfigurationPlatforms) = preSolution
		Debug|Any CPU = Debug|Any CPU
		Release|Any CPU = Release|Any CPU
	EndGlobalSection
	GlobalSection(ProjectConfigurationPlatforms) = postSolution
		{6A4DAEA8-665C-41D6-8915-6129FE8F1A14}.Debug|Any CPU.ActiveCfg = Debug|Any CPU
		{6A4DAEA8-665C-41D6-8915-6129FE8F1A14}.Debug|Any CPU.Build.0 = Debug|Any CPU
		{6A4DAEA8-665C-41D6-8915-6129FE8F1A14}.Release|Any CPU.ActiveCfg = Release|Any CPU
		{6A4DAEA8-665C-41D6-8915-6129FE8F1A14}.Release|Any CPU.Build.0 = Release|Any CPU
		{B7F842C6-33BD-46D9-9247-FFE40F01002E}.Debug|Any CPU.ActiveCfg = Debug|Any CPU
		{B7F842C6-33BD-46D9-9247-FFE40F01002E}.Debug|Any CPU.Build.0 = Debug|Any CPU
		{B7F842C6-33BD-46D9-9247-FFE40F01002E}.Release|Any CPU.ActiveCfg = Release|Any CPU
		{B7F842C6-33BD-46D9-9247-FFE40F01002E}.Release|Any CPU.Build.0 = Release|Any CPU
		{33B931E0-B011-45F9-952B-47443BB358FE}.Debug|Any CPU.ActiveCfg = Debug|Any CPU
		{33B931E0-B011-45F9-952B-47443BB358FE}.Debug|Any CPU.Build.0 = Debug|Any CPU
		{33B931E0-B011-45F9-952B-47443BB358FE}.Release|Any CPU.ActiveCfg = Release|Any CPU
		{33B931E0-B011-45F9-952B-47443BB358FE}.Release|Any CPU.Build.0 = Release|Any CPU
		{ECE81E9D-8343-4EDC-BA3A-034A9D7F8C01}.Debug|Any CPU.ActiveCfg = Debug|Any CPU
		{ECE81E9D-8343-4EDC-BA3A-034A9D7F8C01}.Debug|Any CPU.Build.0 = Debug|Any CPU
		{ECE81E9D-8343-4EDC-BA3A-034A9D7F8C01}.Release|Any CPU.ActiveCfg = Release|Any CPU
		{ECE81E9D-8343-4EDC-BA3A-034A9D7F8C01}.Release|Any CPU.Build.0 = Release|Any CPU
		{0F82EC7A-EF6C-4F39-8411-54BBB1849F38}.Debug|Any CPU.ActiveCfg = Debug|Any CPU
		{0F82EC7A-EF6C-4F39-8411-54BBB1849F38}.Debug|Any CPU.Build.0 = Debug|Any CPU
		{0F82EC7A-EF6C-4F39-8411-54BBB1849F38}.Release|Any CPU.ActiveCfg = Release|Any CPU
		{0F82EC7A-EF6C-4F39-8411-54BBB1849F38}.Release|Any CPU.Build.0 = Release|Any CPU
		{DBE654F4-2C88-4CD0-A817-63D6A5ACB758}.Debug|Any CPU.ActiveCfg = Debug|Any CPU
		{DBE654F4-2C88-4CD0-A817-63D6A5ACB758}.Debug|Any CPU.Build.0 = Debug|Any CPU
		{DBE654F4-2C88-4CD0-A817-63D6A5ACB758}.Release|Any CPU.ActiveCfg = Release|Any CPU
		{DBE654F4-2C88-4CD0-A817-63D6A5ACB758}.Release|Any CPU.Build.0 = Release|Any CPU
		{E73F361E-D937-47A1-8805-3049489821D8}.Debug|Any CPU.ActiveCfg = Debug|Any CPU
		{E73F361E-D937-47A1-8805-3049489821D8}.Debug|Any CPU.Build.0 = Debug|Any CPU
		{E73F361E-D937-47A1-8805-3049489821D8}.Release|Any CPU.ActiveCfg = Release|Any CPU
		{E73F361E-D937-47A1-8805-3049489821D8}.Release|Any CPU.Build.0 = Release|Any CPU
		{CF7E788E-BEBB-4A7E-95E6-BA5BE940730A}.Debug|Any CPU.ActiveCfg = Debug|Any CPU
		{CF7E788E-BEBB-4A7E-95E6-BA5BE940730A}.Debug|Any CPU.Build.0 = Debug|Any CPU
		{CF7E788E-BEBB-4A7E-95E6-BA5BE940730A}.Release|Any CPU.ActiveCfg = Release|Any CPU
		{CF7E788E-BEBB-4A7E-95E6-BA5BE940730A}.Release|Any CPU.Build.0 = Release|Any CPU
		{3D136A0D-627D-4340-A80D-78DB10F45669}.Debug|Any CPU.ActiveCfg = Debug|Any CPU
		{3D136A0D-627D-4340-A80D-78DB10F45669}.Debug|Any CPU.Build.0 = Debug|Any CPU
		{3D136A0D-627D-4340-A80D-78DB10F45669}.Release|Any CPU.ActiveCfg = Release|Any CPU
		{3D136A0D-627D-4340-A80D-78DB10F45669}.Release|Any CPU.Build.0 = Release|Any CPU
		{822D24D8-BFF1-4C61-9249-EC7BACB182E2}.Debug|Any CPU.ActiveCfg = Debug|Any CPU
		{822D24D8-BFF1-4C61-9249-EC7BACB182E2}.Debug|Any CPU.Build.0 = Debug|Any CPU
		{822D24D8-BFF1-4C61-9249-EC7BACB182E2}.Release|Any CPU.ActiveCfg = Release|Any CPU
		{822D24D8-BFF1-4C61-9249-EC7BACB182E2}.Release|Any CPU.Build.0 = Release|Any CPU
		{28E78A94-49AF-4207-8910-3711874F745D}.Debug|Any CPU.ActiveCfg = Debug|Any CPU
		{28E78A94-49AF-4207-8910-3711874F745D}.Debug|Any CPU.Build.0 = Debug|Any CPU
		{28E78A94-49AF-4207-8910-3711874F745D}.Release|Any CPU.ActiveCfg = Release|Any CPU
		{28E78A94-49AF-4207-8910-3711874F745D}.Release|Any CPU.Build.0 = Release|Any CPU
		{EBA7E6DA-4888-43B6-9B2A-F8074708344C}.Debug|Any CPU.ActiveCfg = Debug|Any CPU
		{EBA7E6DA-4888-43B6-9B2A-F8074708344C}.Debug|Any CPU.Build.0 = Debug|Any CPU
		{EBA7E6DA-4888-43B6-9B2A-F8074708344C}.Release|Any CPU.ActiveCfg = Release|Any CPU
		{EBA7E6DA-4888-43B6-9B2A-F8074708344C}.Release|Any CPU.Build.0 = Release|Any CPU
		{E1BB9EDD-16D2-4D8F-A424-1A5D8B0FF3B5}.Debug|Any CPU.ActiveCfg = Debug|Any CPU
		{E1BB9EDD-16D2-4D8F-A424-1A5D8B0FF3B5}.Debug|Any CPU.Build.0 = Debug|Any CPU
		{E1BB9EDD-16D2-4D8F-A424-1A5D8B0FF3B5}.Release|Any CPU.ActiveCfg = Release|Any CPU
		{E1BB9EDD-16D2-4D8F-A424-1A5D8B0FF3B5}.Release|Any CPU.Build.0 = Release|Any CPU
		{F7182F0F-9E26-4DE4-A41A-871F805499F9}.Debug|Any CPU.ActiveCfg = Debug|Any CPU
		{F7182F0F-9E26-4DE4-A41A-871F805499F9}.Debug|Any CPU.Build.0 = Debug|Any CPU
		{F7182F0F-9E26-4DE4-A41A-871F805499F9}.Release|Any CPU.ActiveCfg = Release|Any CPU
		{F7182F0F-9E26-4DE4-A41A-871F805499F9}.Release|Any CPU.Build.0 = Release|Any CPU
		{5BBB1F39-D8D2-4E5C-ADFC-BC2EDF63AE35}.Debug|Any CPU.ActiveCfg = Debug|Any CPU
		{5BBB1F39-D8D2-4E5C-ADFC-BC2EDF63AE35}.Debug|Any CPU.Build.0 = Debug|Any CPU
		{5BBB1F39-D8D2-4E5C-ADFC-BC2EDF63AE35}.Release|Any CPU.ActiveCfg = Release|Any CPU
		{5BBB1F39-D8D2-4E5C-ADFC-BC2EDF63AE35}.Release|Any CPU.Build.0 = Release|Any CPU
		{C91C3E73-474A-41F3-9224-D66066CE9915}.Debug|Any CPU.ActiveCfg = Debug|Any CPU
		{C91C3E73-474A-41F3-9224-D66066CE9915}.Debug|Any CPU.Build.0 = Debug|Any CPU
		{C91C3E73-474A-41F3-9224-D66066CE9915}.Release|Any CPU.ActiveCfg = Release|Any CPU
		{C91C3E73-474A-41F3-9224-D66066CE9915}.Release|Any CPU.Build.0 = Release|Any CPU
		{56A26CC8-A967-47BE-9DAB-E31762A3812E}.Debug|Any CPU.ActiveCfg = Debug|Any CPU
		{56A26CC8-A967-47BE-9DAB-E31762A3812E}.Debug|Any CPU.Build.0 = Debug|Any CPU
		{56A26CC8-A967-47BE-9DAB-E31762A3812E}.Release|Any CPU.ActiveCfg = Release|Any CPU
		{56A26CC8-A967-47BE-9DAB-E31762A3812E}.Release|Any CPU.Build.0 = Release|Any CPU
		{8930CFC6-C865-4F6B-8EAF-44A62DE1BD5F}.Debug|Any CPU.ActiveCfg = Debug|Any CPU
		{8930CFC6-C865-4F6B-8EAF-44A62DE1BD5F}.Debug|Any CPU.Build.0 = Debug|Any CPU
		{8930CFC6-C865-4F6B-8EAF-44A62DE1BD5F}.Release|Any CPU.ActiveCfg = Release|Any CPU
		{8930CFC6-C865-4F6B-8EAF-44A62DE1BD5F}.Release|Any CPU.Build.0 = Release|Any CPU
		{418AC4CD-55AA-4637-B260-C6A3DFB4E96E}.Debug|Any CPU.ActiveCfg = Debug|Any CPU
		{418AC4CD-55AA-4637-B260-C6A3DFB4E96E}.Debug|Any CPU.Build.0 = Debug|Any CPU
		{418AC4CD-55AA-4637-B260-C6A3DFB4E96E}.Release|Any CPU.ActiveCfg = Release|Any CPU
		{418AC4CD-55AA-4637-B260-C6A3DFB4E96E}.Release|Any CPU.Build.0 = Release|Any CPU
		{954A9763-C2A3-4B96-94FA-B1590033632D}.Debug|Any CPU.ActiveCfg = Debug|Any CPU
		{954A9763-C2A3-4B96-94FA-B1590033632D}.Debug|Any CPU.Build.0 = Debug|Any CPU
		{954A9763-C2A3-4B96-94FA-B1590033632D}.Release|Any CPU.ActiveCfg = Release|Any CPU
		{954A9763-C2A3-4B96-94FA-B1590033632D}.Release|Any CPU.Build.0 = Release|Any CPU
		{6BE8BDBD-A14C-4649-859D-EB3655C131C4}.Debug|Any CPU.ActiveCfg = Debug|Any CPU
		{6BE8BDBD-A14C-4649-859D-EB3655C131C4}.Debug|Any CPU.Build.0 = Debug|Any CPU
		{6BE8BDBD-A14C-4649-859D-EB3655C131C4}.Release|Any CPU.ActiveCfg = Release|Any CPU
		{6BE8BDBD-A14C-4649-859D-EB3655C131C4}.Release|Any CPU.Build.0 = Release|Any CPU
		{9BEC3DC1-1CC4-4F54-84DC-A682200179E3}.Debug|Any CPU.ActiveCfg = Debug|Any CPU
		{9BEC3DC1-1CC4-4F54-84DC-A682200179E3}.Debug|Any CPU.Build.0 = Debug|Any CPU
		{9BEC3DC1-1CC4-4F54-84DC-A682200179E3}.Release|Any CPU.ActiveCfg = Release|Any CPU
		{9BEC3DC1-1CC4-4F54-84DC-A682200179E3}.Release|Any CPU.Build.0 = Release|Any CPU
		{9ACE857D-E2B9-46ED-8A9A-420B6DF18CC8}.Debug|Any CPU.ActiveCfg = Debug|Any CPU
		{9ACE857D-E2B9-46ED-8A9A-420B6DF18CC8}.Debug|Any CPU.Build.0 = Debug|Any CPU
		{9ACE857D-E2B9-46ED-8A9A-420B6DF18CC8}.Release|Any CPU.ActiveCfg = Release|Any CPU
		{9ACE857D-E2B9-46ED-8A9A-420B6DF18CC8}.Release|Any CPU.Build.0 = Release|Any CPU
		{D1B61A76-6A82-4903-A3CC-BD73476C1DC7}.Debug|Any CPU.ActiveCfg = Debug|Any CPU
		{D1B61A76-6A82-4903-A3CC-BD73476C1DC7}.Debug|Any CPU.Build.0 = Debug|Any CPU
		{D1B61A76-6A82-4903-A3CC-BD73476C1DC7}.Release|Any CPU.ActiveCfg = Release|Any CPU
		{D1B61A76-6A82-4903-A3CC-BD73476C1DC7}.Release|Any CPU.Build.0 = Release|Any CPU
		{8F3E2FA3-92CE-4295-8512-C7B3A1B4623C}.Debug|Any CPU.ActiveCfg = Debug|Any CPU
		{8F3E2FA3-92CE-4295-8512-C7B3A1B4623C}.Debug|Any CPU.Build.0 = Debug|Any CPU
		{8F3E2FA3-92CE-4295-8512-C7B3A1B4623C}.Release|Any CPU.ActiveCfg = Release|Any CPU
		{8F3E2FA3-92CE-4295-8512-C7B3A1B4623C}.Release|Any CPU.Build.0 = Release|Any CPU
		{3C75A4C7-E2CF-4AB6-B787-5C21009CE123}.Debug|Any CPU.ActiveCfg = Debug|Any CPU
		{3C75A4C7-E2CF-4AB6-B787-5C21009CE123}.Debug|Any CPU.Build.0 = Debug|Any CPU
		{3C75A4C7-E2CF-4AB6-B787-5C21009CE123}.Release|Any CPU.ActiveCfg = Release|Any CPU
		{3C75A4C7-E2CF-4AB6-B787-5C21009CE123}.Release|Any CPU.Build.0 = Release|Any CPU
		{A0163EB8-93BF-4C3B-8901-A48E5D2B6227}.Debug|Any CPU.ActiveCfg = Debug|Any CPU
		{A0163EB8-93BF-4C3B-8901-A48E5D2B6227}.Debug|Any CPU.Build.0 = Debug|Any CPU
		{A0163EB8-93BF-4C3B-8901-A48E5D2B6227}.Release|Any CPU.ActiveCfg = Release|Any CPU
		{A0163EB8-93BF-4C3B-8901-A48E5D2B6227}.Release|Any CPU.Build.0 = Release|Any CPU
		{A513C7F7-1042-4344-BAEF-4B0ECB2CF2D1}.Debug|Any CPU.ActiveCfg = Debug|Any CPU
		{A513C7F7-1042-4344-BAEF-4B0ECB2CF2D1}.Debug|Any CPU.Build.0 = Debug|Any CPU
		{A513C7F7-1042-4344-BAEF-4B0ECB2CF2D1}.Release|Any CPU.ActiveCfg = Release|Any CPU
		{A513C7F7-1042-4344-BAEF-4B0ECB2CF2D1}.Release|Any CPU.Build.0 = Release|Any CPU
		{DB61695C-51A4-4EB1-AB9A-6BF9C405BE15}.Debug|Any CPU.ActiveCfg = Debug|Any CPU
		{DB61695C-51A4-4EB1-AB9A-6BF9C405BE15}.Debug|Any CPU.Build.0 = Debug|Any CPU
		{DB61695C-51A4-4EB1-AB9A-6BF9C405BE15}.Release|Any CPU.ActiveCfg = Release|Any CPU
		{DB61695C-51A4-4EB1-AB9A-6BF9C405BE15}.Release|Any CPU.Build.0 = Release|Any CPU
		{F1C6E24E-9A07-482A-932A-D01DA2D994B3}.Debug|Any CPU.ActiveCfg = Debug|Any CPU
		{F1C6E24E-9A07-482A-932A-D01DA2D994B3}.Debug|Any CPU.Build.0 = Debug|Any CPU
		{F1C6E24E-9A07-482A-932A-D01DA2D994B3}.Release|Any CPU.ActiveCfg = Release|Any CPU
		{F1C6E24E-9A07-482A-932A-D01DA2D994B3}.Release|Any CPU.Build.0 = Release|Any CPU
		{31B69BF7-913C-495D-B642-4C2BD7C39E3A}.Debug|Any CPU.ActiveCfg = Debug|Any CPU
		{31B69BF7-913C-495D-B642-4C2BD7C39E3A}.Debug|Any CPU.Build.0 = Debug|Any CPU
		{31B69BF7-913C-495D-B642-4C2BD7C39E3A}.Release|Any CPU.ActiveCfg = Release|Any CPU
		{31B69BF7-913C-495D-B642-4C2BD7C39E3A}.Release|Any CPU.Build.0 = Release|Any CPU
		{3B888AA5-F8D1-48F4-A66C-0A67FDF79F93}.Debug|Any CPU.ActiveCfg = Debug|Any CPU
		{3B888AA5-F8D1-48F4-A66C-0A67FDF79F93}.Debug|Any CPU.Build.0 = Debug|Any CPU
		{3B888AA5-F8D1-48F4-A66C-0A67FDF79F93}.Release|Any CPU.ActiveCfg = Release|Any CPU
		{3B888AA5-F8D1-48F4-A66C-0A67FDF79F93}.Release|Any CPU.Build.0 = Release|Any CPU
		{182892A4-0AFB-4AED-A7A5-FC1E837C4145}.Debug|Any CPU.ActiveCfg = Debug|Any CPU
		{182892A4-0AFB-4AED-A7A5-FC1E837C4145}.Debug|Any CPU.Build.0 = Debug|Any CPU
		{182892A4-0AFB-4AED-A7A5-FC1E837C4145}.Release|Any CPU.ActiveCfg = Release|Any CPU
		{182892A4-0AFB-4AED-A7A5-FC1E837C4145}.Release|Any CPU.Build.0 = Release|Any CPU
		{6E0D3B67-1027-4182-BFB3-8725F5EBF8BF}.Debug|Any CPU.ActiveCfg = Debug|Any CPU
		{6E0D3B67-1027-4182-BFB3-8725F5EBF8BF}.Debug|Any CPU.Build.0 = Debug|Any CPU
		{6E0D3B67-1027-4182-BFB3-8725F5EBF8BF}.Release|Any CPU.ActiveCfg = Release|Any CPU
		{6E0D3B67-1027-4182-BFB3-8725F5EBF8BF}.Release|Any CPU.Build.0 = Release|Any CPU
		{0FEA6960-CBE4-4B62-A86E-70782B029527}.Debug|Any CPU.ActiveCfg = Debug|Any CPU
		{0FEA6960-CBE4-4B62-A86E-70782B029527}.Debug|Any CPU.Build.0 = Debug|Any CPU
		{0FEA6960-CBE4-4B62-A86E-70782B029527}.Release|Any CPU.ActiveCfg = Release|Any CPU
		{0FEA6960-CBE4-4B62-A86E-70782B029527}.Release|Any CPU.Build.0 = Release|Any CPU
		{16181C34-14CB-4CE0-B425-14CFB92863ED}.Debug|Any CPU.ActiveCfg = Debug|Any CPU
		{16181C34-14CB-4CE0-B425-14CFB92863ED}.Debug|Any CPU.Build.0 = Debug|Any CPU
		{16181C34-14CB-4CE0-B425-14CFB92863ED}.Release|Any CPU.ActiveCfg = Release|Any CPU
		{16181C34-14CB-4CE0-B425-14CFB92863ED}.Release|Any CPU.Build.0 = Release|Any CPU
		{F9D4A84C-DF78-408C-95BA-693962FD7849}.Debug|Any CPU.ActiveCfg = Debug|Any CPU
		{F9D4A84C-DF78-408C-95BA-693962FD7849}.Debug|Any CPU.Build.0 = Debug|Any CPU
		{F9D4A84C-DF78-408C-95BA-693962FD7849}.Release|Any CPU.ActiveCfg = Release|Any CPU
		{F9D4A84C-DF78-408C-95BA-693962FD7849}.Release|Any CPU.Build.0 = Release|Any CPU
		{D49D17F2-B7CD-420E-B877-B529B34F4D4B}.Debug|Any CPU.ActiveCfg = Debug|Any CPU
		{D49D17F2-B7CD-420E-B877-B529B34F4D4B}.Debug|Any CPU.Build.0 = Debug|Any CPU
		{D49D17F2-B7CD-420E-B877-B529B34F4D4B}.Release|Any CPU.ActiveCfg = Release|Any CPU
		{D49D17F2-B7CD-420E-B877-B529B34F4D4B}.Release|Any CPU.Build.0 = Release|Any CPU
		{F80894B1-58B0-4CBD-833F-4BCFA4EDE2E7}.Debug|Any CPU.ActiveCfg = Debug|Any CPU
		{F80894B1-58B0-4CBD-833F-4BCFA4EDE2E7}.Debug|Any CPU.Build.0 = Debug|Any CPU
		{F80894B1-58B0-4CBD-833F-4BCFA4EDE2E7}.Release|Any CPU.ActiveCfg = Release|Any CPU
		{F80894B1-58B0-4CBD-833F-4BCFA4EDE2E7}.Release|Any CPU.Build.0 = Release|Any CPU
		{1E289A19-F266-4C30-B111-874DE7D117B0}.Debug|Any CPU.ActiveCfg = Debug|Any CPU
		{1E289A19-F266-4C30-B111-874DE7D117B0}.Debug|Any CPU.Build.0 = Debug|Any CPU
		{1E289A19-F266-4C30-B111-874DE7D117B0}.Release|Any CPU.ActiveCfg = Release|Any CPU
		{1E289A19-F266-4C30-B111-874DE7D117B0}.Release|Any CPU.Build.0 = Release|Any CPU
		{34E36CAF-3086-4F7E-B7C6-4456CB5D9FC1}.Debug|Any CPU.ActiveCfg = Debug|Any CPU
		{34E36CAF-3086-4F7E-B7C6-4456CB5D9FC1}.Debug|Any CPU.Build.0 = Debug|Any CPU
		{34E36CAF-3086-4F7E-B7C6-4456CB5D9FC1}.Release|Any CPU.ActiveCfg = Release|Any CPU
		{34E36CAF-3086-4F7E-B7C6-4456CB5D9FC1}.Release|Any CPU.Build.0 = Release|Any CPU
		{802618D9-73A3-438B-9591-429C453472F3}.Debug|Any CPU.ActiveCfg = Debug|Any CPU
		{802618D9-73A3-438B-9591-429C453472F3}.Debug|Any CPU.Build.0 = Debug|Any CPU
		{802618D9-73A3-438B-9591-429C453472F3}.Release|Any CPU.ActiveCfg = Release|Any CPU
		{802618D9-73A3-438B-9591-429C453472F3}.Release|Any CPU.Build.0 = Release|Any CPU
		{AFDACCC3-782E-4EE3-B978-3FAB113026F3}.Debug|Any CPU.ActiveCfg = Debug|Any CPU
		{AFDACCC3-782E-4EE3-B978-3FAB113026F3}.Debug|Any CPU.Build.0 = Debug|Any CPU
		{AFDACCC3-782E-4EE3-B978-3FAB113026F3}.Release|Any CPU.ActiveCfg = Release|Any CPU
		{AFDACCC3-782E-4EE3-B978-3FAB113026F3}.Release|Any CPU.Build.0 = Release|Any CPU
		{599D24F6-A2A1-4AC5-88C1-FF859459B66C}.Debug|Any CPU.ActiveCfg = Debug|Any CPU
		{599D24F6-A2A1-4AC5-88C1-FF859459B66C}.Debug|Any CPU.Build.0 = Debug|Any CPU
		{599D24F6-A2A1-4AC5-88C1-FF859459B66C}.Release|Any CPU.ActiveCfg = Release|Any CPU
		{599D24F6-A2A1-4AC5-88C1-FF859459B66C}.Release|Any CPU.Build.0 = Release|Any CPU
		{EAAA9F56-EC4B-49E8-85D9-6C8926E4D1A8}.Debug|Any CPU.ActiveCfg = Debug|Any CPU
		{EAAA9F56-EC4B-49E8-85D9-6C8926E4D1A8}.Debug|Any CPU.Build.0 = Debug|Any CPU
		{EAAA9F56-EC4B-49E8-85D9-6C8926E4D1A8}.Release|Any CPU.ActiveCfg = Release|Any CPU
		{EAAA9F56-EC4B-49E8-85D9-6C8926E4D1A8}.Release|Any CPU.Build.0 = Release|Any CPU
		{33D0A636-E412-46E6-BFD1-7105921B569C}.Debug|Any CPU.ActiveCfg = Debug|Any CPU
		{33D0A636-E412-46E6-BFD1-7105921B569C}.Debug|Any CPU.Build.0 = Debug|Any CPU
		{33D0A636-E412-46E6-BFD1-7105921B569C}.Release|Any CPU.ActiveCfg = Release|Any CPU
		{33D0A636-E412-46E6-BFD1-7105921B569C}.Release|Any CPU.Build.0 = Release|Any CPU
		{0FE7960F-D10C-47F5-A397-E9221815B48B}.Debug|Any CPU.ActiveCfg = Debug|Any CPU
		{0FE7960F-D10C-47F5-A397-E9221815B48B}.Debug|Any CPU.Build.0 = Debug|Any CPU
		{0FE7960F-D10C-47F5-A397-E9221815B48B}.Release|Any CPU.ActiveCfg = Release|Any CPU
		{0FE7960F-D10C-47F5-A397-E9221815B48B}.Release|Any CPU.Build.0 = Release|Any CPU
		{8F21E3F9-409B-4860-8F29-8CA1112F90E6}.Debug|Any CPU.ActiveCfg = Debug|Any CPU
		{8F21E3F9-409B-4860-8F29-8CA1112F90E6}.Debug|Any CPU.Build.0 = Debug|Any CPU
		{8F21E3F9-409B-4860-8F29-8CA1112F90E6}.Release|Any CPU.ActiveCfg = Release|Any CPU
		{8F21E3F9-409B-4860-8F29-8CA1112F90E6}.Release|Any CPU.Build.0 = Release|Any CPU
		{62FF3755-1EEF-4BA9-9249-D4EA3016A38B}.Debug|Any CPU.ActiveCfg = Debug|Any CPU
		{62FF3755-1EEF-4BA9-9249-D4EA3016A38B}.Debug|Any CPU.Build.0 = Debug|Any CPU
		{62FF3755-1EEF-4BA9-9249-D4EA3016A38B}.Release|Any CPU.ActiveCfg = Release|Any CPU
		{62FF3755-1EEF-4BA9-9249-D4EA3016A38B}.Release|Any CPU.Build.0 = Release|Any CPU
		{CD4BD4C3-506B-416D-8464-605B90DAC201}.Debug|Any CPU.ActiveCfg = Debug|Any CPU
		{CD4BD4C3-506B-416D-8464-605B90DAC201}.Debug|Any CPU.Build.0 = Debug|Any CPU
		{CD4BD4C3-506B-416D-8464-605B90DAC201}.Release|Any CPU.ActiveCfg = Release|Any CPU
		{CD4BD4C3-506B-416D-8464-605B90DAC201}.Release|Any CPU.Build.0 = Release|Any CPU
		{A57290BD-170E-46AB-AE16-00FD258EF216}.Debug|Any CPU.ActiveCfg = Debug|Any CPU
		{A57290BD-170E-46AB-AE16-00FD258EF216}.Debug|Any CPU.Build.0 = Debug|Any CPU
		{A57290BD-170E-46AB-AE16-00FD258EF216}.Release|Any CPU.ActiveCfg = Release|Any CPU
		{A57290BD-170E-46AB-AE16-00FD258EF216}.Release|Any CPU.Build.0 = Release|Any CPU
	EndGlobalSection
	GlobalSection(SolutionProperties) = preSolution
		HideSolutionNode = FALSE
	EndGlobalSection
	GlobalSection(NestedProjects) = preSolution
		{6A4DAEA8-665C-41D6-8915-6129FE8F1A14} = {57CCA8FF-D37C-4F0E-91CB-C0B155DB5861}
		{B7F842C6-33BD-46D9-9247-FFE40F01002E} = {F6265F54-C50B-4D42-A77F-218326BF6241}
		{33B931E0-B011-45F9-952B-47443BB358FE} = {F6265F54-C50B-4D42-A77F-218326BF6241}
		{ECE81E9D-8343-4EDC-BA3A-034A9D7F8C01} = {F6265F54-C50B-4D42-A77F-218326BF6241}
		{0F82EC7A-EF6C-4F39-8411-54BBB1849F38} = {F6265F54-C50B-4D42-A77F-218326BF6241}
		{DBE654F4-2C88-4CD0-A817-63D6A5ACB758} = {F6265F54-C50B-4D42-A77F-218326BF6241}
		{E73F361E-D937-47A1-8805-3049489821D8} = {6630F746-024C-4CB6-96E6-0B28BB2F16CF}
		{CF7E788E-BEBB-4A7E-95E6-BA5BE940730A} = {6630F746-024C-4CB6-96E6-0B28BB2F16CF}
		{3D136A0D-627D-4340-A80D-78DB10F45669} = {6630F746-024C-4CB6-96E6-0B28BB2F16CF}
		{822D24D8-BFF1-4C61-9249-EC7BACB182E2} = {987C4986-66FA-4984-90E6-76B9CD4C73E4}
		{28E78A94-49AF-4207-8910-3711874F745D} = {06CAB1A8-07F5-4FCA-B04A-D963B83072E4}
		{EBA7E6DA-4888-43B6-9B2A-F8074708344C} = {F6265F54-C50B-4D42-A77F-218326BF6241}
		{E1BB9EDD-16D2-4D8F-A424-1A5D8B0FF3B5} = {F6265F54-C50B-4D42-A77F-218326BF6241}
		{F7182F0F-9E26-4DE4-A41A-871F805499F9} = {F6265F54-C50B-4D42-A77F-218326BF6241}
		{5BBB1F39-D8D2-4E5C-ADFC-BC2EDF63AE35} = {F6265F54-C50B-4D42-A77F-218326BF6241}
		{C91C3E73-474A-41F3-9224-D66066CE9915} = {6630F746-024C-4CB6-96E6-0B28BB2F16CF}
		{56A26CC8-A967-47BE-9DAB-E31762A3812E} = {6630F746-024C-4CB6-96E6-0B28BB2F16CF}
		{8930CFC6-C865-4F6B-8EAF-44A62DE1BD5F} = {987C4986-66FA-4984-90E6-76B9CD4C73E4}
		{418AC4CD-55AA-4637-B260-C6A3DFB4E96E} = {F6265F54-C50B-4D42-A77F-218326BF6241}
		{954A9763-C2A3-4B96-94FA-B1590033632D} = {987C4986-66FA-4984-90E6-76B9CD4C73E4}
		{6BE8BDBD-A14C-4649-859D-EB3655C131C4} = {F6265F54-C50B-4D42-A77F-218326BF6241}
		{9BEC3DC1-1CC4-4F54-84DC-A682200179E3} = {F6265F54-C50B-4D42-A77F-218326BF6241}
		{9ACE857D-E2B9-46ED-8A9A-420B6DF18CC8} = {3699B480-8954-45C1-AD64-53542BDD6AEC}
		{D1B61A76-6A82-4903-A3CC-BD73476C1DC7} = {3699B480-8954-45C1-AD64-53542BDD6AEC}
		{8F3E2FA3-92CE-4295-8512-C7B3A1B4623C} = {F6265F54-C50B-4D42-A77F-218326BF6241}
		{3C75A4C7-E2CF-4AB6-B787-5C21009CE123} = {6630F746-024C-4CB6-96E6-0B28BB2F16CF}
		{CE2CCA46-921A-4321-B277-430F0A52F499} = {699676F3-5567-47C3-8BB8-3448DBB75089}
		{A0163EB8-93BF-4C3B-8901-A48E5D2B6227} = {CE2CCA46-921A-4321-B277-430F0A52F499}
		{A513C7F7-1042-4344-BAEF-4B0ECB2CF2D1} = {CE2CCA46-921A-4321-B277-430F0A52F499}
		{DB61695C-51A4-4EB1-AB9A-6BF9C405BE15} = {57CCA8FF-D37C-4F0E-91CB-C0B155DB5861}
		{F1C6E24E-9A07-482A-932A-D01DA2D994B3} = {6630F746-024C-4CB6-96E6-0B28BB2F16CF}
		{31B69BF7-913C-495D-B642-4C2BD7C39E3A} = {CE2CCA46-921A-4321-B277-430F0A52F499}
		{3B888AA5-F8D1-48F4-A66C-0A67FDF79F93} = {F6265F54-C50B-4D42-A77F-218326BF6241}
		{182892A4-0AFB-4AED-A7A5-FC1E837C4145} = {A4889656-1612-4C60-A463-AFBC613C0AF8}
		{6E0D3B67-1027-4182-BFB3-8725F5EBF8BF} = {6630F746-024C-4CB6-96E6-0B28BB2F16CF}
		{0FEA6960-CBE4-4B62-A86E-70782B029527} = {57CCA8FF-D37C-4F0E-91CB-C0B155DB5861}
		{16181C34-14CB-4CE0-B425-14CFB92863ED} = {6630F746-024C-4CB6-96E6-0B28BB2F16CF}
		{F9D4A84C-DF78-408C-95BA-693962FD7849} = {F6265F54-C50B-4D42-A77F-218326BF6241}
		{D49D17F2-B7CD-420E-B877-B529B34F4D4B} = {F6265F54-C50B-4D42-A77F-218326BF6241}
		{F80894B1-58B0-4CBD-833F-4BCFA4EDE2E7} = {F6265F54-C50B-4D42-A77F-218326BF6241}
		{1E289A19-F266-4C30-B111-874DE7D117B0} = {F6265F54-C50B-4D42-A77F-218326BF6241}
		{34E36CAF-3086-4F7E-B7C6-4456CB5D9FC1} = {3699B480-8954-45C1-AD64-53542BDD6AEC}
		{06CAB1A8-07F5-4FCA-B04A-D963B83072E4} = {987C4986-66FA-4984-90E6-76B9CD4C73E4}
		{802618D9-73A3-438B-9591-429C453472F3} = {06CAB1A8-07F5-4FCA-B04A-D963B83072E4}
		{A4889656-1612-4C60-A463-AFBC613C0AF8} = {987C4986-66FA-4984-90E6-76B9CD4C73E4}
		{AFDACCC3-782E-4EE3-B978-3FAB113026F3} = {A4889656-1612-4C60-A463-AFBC613C0AF8}
		{599D24F6-A2A1-4AC5-88C1-FF859459B66C} = {57CCA8FF-D37C-4F0E-91CB-C0B155DB5861}
		{EAAA9F56-EC4B-49E8-85D9-6C8926E4D1A8} = {F6265F54-C50B-4D42-A77F-218326BF6241}
		{33D0A636-E412-46E6-BFD1-7105921B569C} = {3699B480-8954-45C1-AD64-53542BDD6AEC}
		{0FE7960F-D10C-47F5-A397-E9221815B48B} = {1707BB04-9E6A-4B4C-8489-B42606D02168}
		{8F21E3F9-409B-4860-8F29-8CA1112F90E6} = {F6265F54-C50B-4D42-A77F-218326BF6241}
		{CD4BD4C3-506B-416D-8464-605B90DAC201} = {1707BB04-9E6A-4B4C-8489-B42606D02168}
		{A57290BD-170E-46AB-AE16-00FD258EF216} = {1707BB04-9E6A-4B4C-8489-B42606D02168}
		{1707BB04-9E6A-4B4C-8489-B42606D02168} = {F6265F54-C50B-4D42-A77F-218326BF6241}
		{62FF3755-1EEF-4BA9-9249-D4EA3016A38B} = {A4889656-1612-4C60-A463-AFBC613C0AF8}
	EndGlobalSection
	GlobalSection(ExtensibilityGlobals) = postSolution
		SolutionGuid = {C12DDF59-2172-499B-BA40-2AB3EC13088D}
	EndGlobalSection
EndGlobal
